
Microsoft Visual Studio Solution File, Format Version 12.00
# Visual Studio Version 16
VisualStudioVersion = 16.0.29326.143
MinimumVisualStudioVersion = 10.0.40219.1
Project("{FAE04EC0-301F-11D3-BF4B-00C04F79EFBC}") = "dllInventoryScaners", "dllInventoryScaners\dllInventoryScaners.csproj", "{608B83DA-BE3E-499F-B77D-C512B61FFC7A}"
EndProject
Project("{FAE04EC0-301F-11D3-BF4B-00C04F79EFBC}") = "CompensatoryTime", "..\..\CompensatoryTime\CompensatoryTime\CompensatoryTime\CompensatoryTime.csproj", "{CE0EF0A7-433B-4789-996B-B7AD20587CDC}"
EndProject
Global
	GlobalSection(SolutionConfigurationPlatforms) = preSolution
		Debug|Any CPU = Debug|Any CPU
		Release|Any CPU = Release|Any CPU
	EndGlobalSection
	GlobalSection(ProjectConfigurationPlatforms) = postSolution
		{608B83DA-BE3E-499F-B77D-C512B61FFC7A}.Debug|Any CPU.ActiveCfg = Debug|Any CPU
		{608B83DA-BE3E-499F-B77D-C512B61FFC7A}.Debug|Any CPU.Build.0 = Debug|Any CPU
		{608B83DA-BE3E-499F-B77D-C512B61FFC7A}.Release|Any CPU.ActiveCfg = Release|Any CPU
		{608B83DA-BE3E-499F-B77D-C512B61FFC7A}.Release|Any CPU.Build.0 = Release|Any CPU
		{CE0EF0A7-433B-4789-996B-B7AD20587CDC}.Debug|Any CPU.ActiveCfg = Debug|Any CPU
		{CE0EF0A7-433B-4789-996B-B7AD20587CDC}.Debug|Any CPU.Build.0 = Debug|Any CPU
		{CE0EF0A7-433B-4789-996B-B7AD20587CDC}.Release|Any CPU.ActiveCfg = Release|Any CPU
		{CE0EF0A7-433B-4789-996B-B7AD20587CDC}.Release|Any CPU.Build.0 = Release|Any CPU
	EndGlobalSection
	GlobalSection(SolutionProperties) = preSolution
		HideSolutionNode = FALSE
	EndGlobalSection
	GlobalSection(ExtensibilityGlobals) = postSolution
		SolutionGuid = {5A218A28-E4DA-41AE-A597-E135A5F7D42C}
	EndGlobalSection
EndGlobal
